
Microsoft Visual Studio Solution File, Format Version 12.00
# Visual Studio Version 16
VisualStudioVersion = 16.0.28803.452
MinimumVisualStudioVersion = 10.0.40219.1
Project("{9A19103F-16F7-4668-BE54-9A1E7A4F7556}") = "HiShare", "HiShare\HiShare.csproj", "{61514EA6-C2C6-42DA-B922-45C53E3FE5A7}"
EndProject
Global
	GlobalSection(SolutionConfigurationPlatforms) = preSolution
		Debug|Any CPU = Debug|Any CPU
		Release|Any CPU = Release|Any CPU
	EndGlobalSection
	GlobalSection(ProjectConfigurationPlatforms) = postSolution
		{61514EA6-C2C6-42DA-B922-45C53E3FE5A7}.Debug|Any CPU.ActiveCfg = Debug|Any CPU
		{61514EA6-C2C6-42DA-B922-45C53E3FE5A7}.Debug|Any CPU.Build.0 = Debug|Any CPU
		{61514EA6-C2C6-42DA-B922-45C53E3FE5A7}.Release|Any CPU.ActiveCfg = Release|Any CPU
		{61514EA6-C2C6-42DA-B922-45C53E3FE5A7}.Release|Any CPU.Build.0 = Release|Any CPU
	EndGlobalSection
	GlobalSection(SolutionProperties) = preSolution
		HideSolutionNode = FALSE
	EndGlobalSection
	GlobalSection(ExtensibilityGlobals) = postSolution
		SolutionGuid = {6F1797BF-9743-4251-B074-C8CE8B319341}
	EndGlobalSection
EndGlobal
